
Microsoft Visual Studio Solution File, Format Version 12.00
# Visual Studio 15
VisualStudioVersion = 15.0.27130.2036
MinimumVisualStudioVersion = 10.0.40219.1
Project("{FAE04EC0-301F-11D3-BF4B-00C04F79EFBC}") = "TestUpdater", "TestUpdater\TestUpdater.csproj", "{73699680-6F75-4E64-82AA-C3A2397182CC}"
EndProject
Global
	GlobalSection(SolutionConfigurationPlatforms) = preSolution
		Debug|Any CPU = Debug|Any CPU
		Release|Any CPU = Release|Any CPU
	EndGlobalSection
	GlobalSection(ProjectConfigurationPlatforms) = postSolution
		{73699680-6F75-4E64-82AA-C3A2397182CC}.Debug|Any CPU.ActiveCfg = Debug|Any CPU
		{73699680-6F75-4E64-82AA-C3A2397182CC}.Debug|Any CPU.Build.0 = Debug|Any CPU
		{73699680-6F75-4E64-82AA-C3A2397182CC}.Release|Any CPU.ActiveCfg = Release|Any CPU
		{73699680-6F75-4E64-82AA-C3A2397182CC}.Release|Any CPU.Build.0 = Release|Any CPU
	EndGlobalSection
	GlobalSection(SolutionProperties) = preSolution
		HideSolutionNode = FALSE
	EndGlobalSection
	GlobalSection(ExtensibilityGlobals) = postSolution
		SolutionGuid = {DCFDFAC9-00B9-4661-BAE8-1B0BB17BD6E2}
	EndGlobalSection
EndGlobal
