
Microsoft Visual Studio Solution File, Format Version 12.00
# Visual Studio 15
VisualStudioVersion = 15.0.27130.2036
MinimumVisualStudioVersion = 10.0.40219.1
Project("{FAE04EC0-301F-11D3-BF4B-00C04F79EFBC}") = "testConnector", "testConnector\testConnector.csproj", "{A6729BF9-C147-49E9-BEEF-4EC9A092954A}"
EndProject
Global
	GlobalSection(SolutionConfigurationPlatforms) = preSolution
		Debug|Any CPU = Debug|Any CPU
		Release|Any CPU = Release|Any CPU
	EndGlobalSection
	GlobalSection(ProjectConfigurationPlatforms) = postSolution
		{A6729BF9-C147-49E9-BEEF-4EC9A092954A}.Debug|Any CPU.ActiveCfg = Debug|Any CPU
		{A6729BF9-C147-49E9-BEEF-4EC9A092954A}.Debug|Any CPU.Build.0 = Debug|Any CPU
		{A6729BF9-C147-49E9-BEEF-4EC9A092954A}.Release|Any CPU.ActiveCfg = Release|Any CPU
		{A6729BF9-C147-49E9-BEEF-4EC9A092954A}.Release|Any CPU.Build.0 = Release|Any CPU
	EndGlobalSection
	GlobalSection(SolutionProperties) = preSolution
		HideSolutionNode = FALSE
	EndGlobalSection
	GlobalSection(ExtensibilityGlobals) = postSolution
		SolutionGuid = {B5665A7D-94FD-4FC8-8DC4-942A3A97BB3B}
	EndGlobalSection
EndGlobal
